
Microsoft Visual Studio Solution File, Format Version 12.00
# Visual Studio Version 16
VisualStudioVersion = 16.0.32413.511
MinimumVisualStudioVersion = 10.0.40219.1
Project("{FAE04EC0-301F-11D3-BF4B-00C04F79EFBC}") = "hello to client", "hello to client\hello to client.csproj", "{F3602DC3-FA56-431A-A7B6-90594EC7CA72}"
EndProject
Global
	GlobalSection(SolutionConfigurationPlatforms) = preSolution
		Debug|Any CPU = Debug|Any CPU
		Release|Any CPU = Release|Any CPU
	EndGlobalSection
	GlobalSection(ProjectConfigurationPlatforms) = postSolution
		{F3602DC3-FA56-431A-A7B6-90594EC7CA72}.Debug|Any CPU.ActiveCfg = Debug|Any CPU
		{F3602DC3-FA56-431A-A7B6-90594EC7CA72}.Debug|Any CPU.Build.0 = Debug|Any CPU
		{F3602DC3-FA56-431A-A7B6-90594EC7CA72}.Release|Any CPU.ActiveCfg = Release|Any CPU
		{F3602DC3-FA56-431A-A7B6-90594EC7CA72}.Release|Any CPU.Build.0 = Release|Any CPU
	EndGlobalSection
	GlobalSection(SolutionProperties) = preSolution
		HideSolutionNode = FALSE
	EndGlobalSection
	GlobalSection(ExtensibilityGlobals) = postSolution
		SolutionGuid = {2886B04A-E23B-4785-930F-D60650EB9AC4}
	EndGlobalSection
EndGlobal
